<?xml version="1.0" encoding="utf-8"?>
<Project ToolsVersion="4.0" xmlns="http://schemas.microsoft.com/developer/msbuild/2003">
  <ItemGroup>
    <Filter Include="Source Files">
      <UniqueIdentifier>{4FC737F1-C7A5-4376-A066-2A32D752A2FF}</UniqueIdentifier>
      <Extensions>cpp;c;cc;cxx;c++;cppm;ixx;def;odl;idl;hpj;bat;asm;asmx</Extensions>
    </Filter>
    <Filter Include="Header Files">
      <UniqueIdentifier>{93995380-89BD-4b04-88EB-625FBE52EBFB}</UniqueIdentifier>
      <Extensions>h;hh;hpp;hxx;h++;hm;inl;inc;ipp;xsd</Extensions>
    </Filter>
    <Filter Include="Resource Files">
      <UniqueIdentifier>{67DA6AB6-F800-4c08-8B7A-83BB121AAD01}</UniqueIdentifier>
      <Extensions>rc;ico;cur;bmp;dlg;rc2;rct;bin;rgs;gif;jpg;jpeg;jpe;resx;tiff;tif;png;wav;mfcribbon-ms</Extensions>
    </Filter>
    <Filter Include="Source Files\src">
      <UniqueIdentifier>{c55198b3-c988-496e-8a87-d32f41837288}</UniqueIdentifier>
    </Filter>
    <Filter Include="Source Files\data">
      <UniqueIdentifier>{8c669968-ce7e-4e07-8dae-cb6b32ba6f10}</UniqueIdentifier>
    </Filter>
    <Filter Include="Source Files\src\Services">
      <UniqueIdentifier>{597c750e-d366-434c-9120-45bf9410af0f}</UniqueIdentifier>
    </Filter>
  </ItemGroup>
  <ItemGroup>
    <ClCompile Include="src\source\Airport-Ground-Services-Management-Simulator.cpp">
      <Filter>Source Files\src</Filter>
    </ClCompile>
    <ClCompile Include="src\source\Flight.cpp">
      <Filter>Source Files\src</Filter>
    </ClCompile>
    <ClCompile Include="src\source\GroundService.cpp">
      <Filter>Source Files\src</Filter>
    </ClCompile>
    <ClCompile Include="src\source\FlightRecordsManager.cpp">
      <Filter>Source Files\src</Filter>
    </ClCompile>
    <ClCompile Include="src\source\GlobalLogger.cpp">
      <Filter>Source Files\src</Filter>
    </ClCompile>
    <ClCompile Include="src\source\LuggageService.cpp">
      <Filter>Source Files\src\Services</Filter>
    </ClCompile>
    <ClCompile Include="src\source\FuelService.cpp">
      <Filter>Source Files</Filter>
    </ClCompile>
    <ClCompile Include="src\source\CleaningService.cpp">
      <Filter>Source Files</Filter>
    </ClCompile>
    <ClCompile Include="src\source\ServiceHandler.cpp">
      <Filter>Source Files</Filter>
    </ClCompile>
    <ClCompile Include="src\source\LandingHandler.cpp">
      <Filter>Source Files</Filter>
    </ClCompile>
    <ClCompile Include="src\source\TakeoffHandler.cpp">
      <Filter>Source Files</Filter>
    </ClCompile>
    <ClCompile Include="src\source\SimulationTime.cpp">
      <Filter>Source Files</Filter>
    </ClCompile>
  </ItemGroup>
  <ItemGroup>
    <ClInclude Include="src\headers\Flight.h">
      <Filter>Header Files</Filter>
    </ClInclude>
    <ClInclude Include="src\headers\GroundService.h">
      <Filter>Header Files</Filter>
    </ClInclude>
    <ClInclude Include="src\headers\FlightRecordsManager.h">
      <Filter>Header Files</Filter>
    </ClInclude>
    <ClInclude Include="src\headers\GlobalLogger.h">
      <Filter>Header Files</Filter>
    </ClInclude>
    <ClInclude Include="src\headers\LuggageService.h">
      <Filter>Header Files</Filter>
    </ClInclude>
    <ClInclude Include="src\headers\FuelService.h">
      <Filter>Header Files</Filter>
    </ClInclude>
    <ClInclude Include="src\headers\CleaningService.h">
      <Filter>Header Files</Filter>
    </ClInclude>
    <ClInclude Include="src\headers\Service.h">
      <Filter>Header Files</Filter>
    </ClInclude>
    <ClInclude Include="src\headers\ServiceHandler.h">
      <Filter>Header Files</Filter>
    </ClInclude>
    <ClInclude Include="src\headers\LandingHandler.h">
      <Filter>Header Files</Filter>
    </ClInclude>
    <ClInclude Include="src\headers\TakeoffHandler.h">
      <Filter>Header Files</Filter>
    </ClInclude>
    <ClInclude Include="src\headers\SimulationTime.h">
      <Filter>Header Files</Filter>
    </ClInclude>
  </ItemGroup>
  <ItemGroup>
    <Text Include="data\flight_program.csv">
      <Filter>Source Files\data</Filter>
    </Text>
  </ItemGroup>
</Project>